version: "1"
generated_at: "2026-07-15T16:42:55Z"
entries:
  - name: antropics-algorithmic-art
    source: ""
    commit_sha: 9d2f1ae187231d8199c64b5b762e1bdf2244733d
    content_hash: sha256:7b6f47a9b0797c35d8e7a82ef74688af4ddc303fd0c9f645525af3d64e535692
    resolved_at: ""
  - name: antropics-brand-guidelines
    source: ""
    commit_sha: 9d2f1ae187231d8199c64b5b762e1bdf2244733d
    content_hash: sha256:cc41501668fc461a0d94360f56e4191692601cbd5afe406197fcc4a2f1edb3d2
    resolved_at: ""
  - name: antropics-canvas-design
    source: ""
    commit_sha: 9d2f1ae187231d8199c64b5b762e1bdf2244733d
    content_hash: sha256:1f226733db2459fe1f229f702e203d57fc29663a0ec4b7fc0d466b4b9a984ced
    resolved_at: ""
  - name: antropics-claude-api
    source: ""
    commit_sha: 9d2f1ae187231d8199c64b5b762e1bdf2244733d
    content_hash: sha256:18f022d045e986913ffe014631ff4d8b576fdd5a223451c51926909db0c3d0e1
    resolved_at: ""
  - name: antropics-doc-coauthoring
    source: ""
    commit_sha: 9d2f1ae187231d8199c64b5b762e1bdf2244733d
    content_hash: sha256:bb40097e54fbb99b14b7fab0b9b3bae502cddfcb48ba530be2c339e2cabcbc4f
    resolved_at: ""
  - name: antropics-docx
    source: ""
    commit_sha: 9d2f1ae187231d8199c64b5b762e1bdf2244733d
    content_hash: sha256:978091fb5d27401c306a99697dac5e159805db2d653a8ca42469e306748e21d1
    resolved_at: ""
  - name: antropics-frontend-design
    source: ""
    commit_sha: 9d2f1ae187231d8199c64b5b762e1bdf2244733d
    content_hash: sha256:827565e52bfd1f872b598b4f14ab54e9c60db799fc80e0350fc9c22766ffc66c
    resolved_at: ""
  - name: antropics-internal-comms
    source: ""
    commit_sha: 9d2f1ae187231d8199c64b5b762e1bdf2244733d
    content_hash: sha256:a72986495b9d3c6b3e66570de611f7a18e6cf10e95fa69050b1a602d9db054c0
    resolved_at: ""
  - name: antropics-mcp-builder
    source: ""
    commit_sha: 9d2f1ae187231d8199c64b5b762e1bdf2244733d
    content_hash: sha256:a9a5657b7c15d8433376214afd8b87faa551a8279a28ef3aafc8b4d8ad95d11e
    resolved_at: ""
  - name: antropics-pdf
    source: ""
    commit_sha: 9d2f1ae187231d8199c64b5b762e1bdf2244733d
    content_hash: sha256:89b66cee7e45f505d902f22a15f82291063c9ec1e030ff8ada5004a06fa03914
    resolved_at: ""
  - name: antropics-pptx
    source: ""
    commit_sha: 9d2f1ae187231d8199c64b5b762e1bdf2244733d
    content_hash: sha256:e37a1f85c45696acc4df6b7367d9d45f4c0bd06a1c3c5a50158254b7d2fd7750
    resolved_at: ""
  - name: antropics-skill-creator
    source: ""
    commit_sha: 9d2f1ae187231d8199c64b5b762e1bdf2244733d
    content_hash: sha256:ad4f350be137206c6cb509aaaccf80960fd216db6ad6ef8e6f1d8920acb860b6
    resolved_at: ""
  - name: antropics-slack-gif-creator
    source: ""
    commit_sha: 9d2f1ae187231d8199c64b5b762e1bdf2244733d
    content_hash: sha256:38bd045e7c2d233c52e1684b36d797fd6f66f97493ee3de6aea0b2b42e144811
    resolved_at: ""
  - name: antropics-theme-factory
    source: ""
    commit_sha: 9d2f1ae187231d8199c64b5b762e1bdf2244733d
    content_hash: sha256:ed1f075a334124528b275d5457c399ab976f515e5397d0ec0afe8692a7045854
    resolved_at: ""
  - name: antropics-web-artifacts-builder
    source: ""
    commit_sha: 9d2f1ae187231d8199c64b5b762e1bdf2244733d
    content_hash: sha256:7460af60cf67f626b2877bc11ebe712dc8c106008405ac88aea24de4de5914f4
    resolved_at: ""
  - name: antropics-webapp-testing
    source: ""
    commit_sha: 9d2f1ae187231d8199c64b5b762e1bdf2244733d
    content_hash: sha256:564acfdb5fc84463905a3c4e2562cb325ae6ffaf2a4bac92d93777373363501f
    resolved_at: ""
  - name: antropics-xlsx
    source: ""
    commit_sha: 9d2f1ae187231d8199c64b5b762e1bdf2244733d
    content_hash: sha256:1996204c7dfaa5bcdb15984785d3794ab60a6baf5c77995b1f3848b8aa8a76cc
    resolved_at: ""
  - name: skill-creator
    source: ""
    commit_sha: 9d2f1ae187231d8199c64b5b762e1bdf2244733d
    content_hash: sha256:ad4f350be137206c6cb509aaaccf80960fd216db6ad6ef8e6f1d8920acb860b6
    resolved_at: ""
